
Microsoft Visual Studio Solution File, Format Version 12.00
# Visual Studio Version 17
VisualStudioVersion = 17.14.36301.6 d17.14
MinimumVisualStudioVersion = 10.0.40219.1
Project("{8BC9CEB8-8B4A-11D0-8D11-00A0C91BC942}") = "Parallel_Laboratory_2_5", "Parallel_Laboratory_2_5\Parallel_Laboratory_2_5.vcxproj", "{67D96133-D9BA-49A0-999E-2A4CF396CB7A}"
EndProject
Global
	GlobalSection(SolutionConfigurationPlatforms) = preSolution
		Debug|x64 = Debug|x64
		Debug|x86 = Debug|x86
		Release|x64 = Release|x64
		Release|x86 = Release|x86
	EndGlobalSection
	GlobalSection(ProjectConfigurationPlatforms) = postSolution
		{67D96133-D9BA-49A0-999E-2A4CF396CB7A}.Debug|x64.ActiveCfg = Debug|x64
		{67D96133-D9BA-49A0-999E-2A4CF396CB7A}.Debug|x64.Build.0 = Debug|x64
		{67D96133-D9BA-49A0-999E-2A4CF396CB7A}.Debug|x86.ActiveCfg = Debug|Win32
		{67D96133-D9BA-49A0-999E-2A4CF396CB7A}.Debug|x86.Build.0 = Debug|Win32
		{67D96133-D9BA-49A0-999E-2A4CF396CB7A}.Release|x64.ActiveCfg = Release|x64
		{67D96133-D9BA-49A0-999E-2A4CF396CB7A}.Release|x64.Build.0 = Release|x64
		{67D96133-D9BA-49A0-999E-2A4CF396CB7A}.Release|x86.ActiveCfg = Release|Win32
		{67D96133-D9BA-49A0-999E-2A4CF396CB7A}.Release|x86.Build.0 = Release|Win32
	EndGlobalSection
	GlobalSection(SolutionProperties) = preSolution
		HideSolutionNode = FALSE
	EndGlobalSection
	GlobalSection(ExtensibilityGlobals) = postSolution
		SolutionGuid = {F2245326-0746-48CB-8EBF-7195556DEF12}
	EndGlobalSection
EndGlobal
